// !$*UTF8*$!
{
	archiveVersion = 1;
	classes = {
	};
	objectVersion = 46;
	objects = {

/* Begin PBXBuildFile section */
		AA03294C1CFE83410051053B /* arrow@2x.png in Resources */ = {isa = PBXBuildFile; fileRef = AA0329441CFE83410051053B /* arrow@2x.png */; };
		AA0329521CFE83670051053B /* XZHViewController.m in Sources */ = {isa = PBXBuildFile; fileRef = AA0329511CFE83670051053B /* XZHViewController.m */; };
		AA0EDB6E1D0025B2004EEA34 /* XZHRefreshBaseView.m in Sources */ = {isa = PBXBuildFile; fileRef = AA0EDB6D1D0025B2004EEA34 /* XZHRefreshBaseView.m */; };
		FEBCA0D81CFDCF45003BDFDD /* main.m in Sources */ = {isa = PBXBuildFile; fileRef = FEBCA0D71CFDCF45003BDFDD /* main.m */; };
		FEBCA0DB1CFDCF45003BDFDD /* AppDelegate.m in Sources */ = {isa = PBXBuildFile; fileRef = FEBCA0DA1CFDCF45003BDFDD /* AppDelegate.m */; };
		FEBCA0DE1CFDCF45003BDFDD /* ViewController.m in Sources */ = {isa = PBXBuildFile; fileRef = FEBCA0DD1CFDCF45003BDFDD /* ViewController.m */; };
		FEBCA0E11CFDCF45003BDFDD /* Main.storyboard in Resources */ = {isa = PBXBuildFile; fileRef = FEBCA0DF1CFDCF45003BDFDD /* Main.storyboard */; };
		FEBCA0E31CFDCF45003BDFDD /* Assets.xcassets in Resources */ = {isa = PBXBuildFile; fileRef = FEBCA0E21CFDCF45003BDFDD /* Assets.xcassets */; };
		FEBCA0E61CFDCF45003BDFDD /* LaunchScreen.storyboard in Resources */ = {isa = PBXBuildFile; fileRef = FEBCA0E41CFDCF45003BDFDD /* LaunchScreen.storyboard */; };
/* End PBXBuildFile section */

/* Begin PBXFileReference section */
		AA0329441CFE83410051053B /* arrow@2x.png */ = {isa = PBXFileReference; lastKnownFileType = image.png; path = "arrow@2x.png"; sourceTree = "<group>"; };
		AA0329451CFE83410051053B /* RefreshConst.h */ = {isa = PBXFileReference; fileEncoding = 4; lastKnownFileType = sourcecode.c.h; path = RefreshConst.h; sourceTree = "<group>"; };
		AA0329461CFE83410051053B /* XZHRefreshBaseView.h */ = {isa = PBXFileReference; fileEncoding = 4; lastKnownFileType = sourcecode.c.h; path = XZHRefreshBaseView.h; sourceTree = "<group>"; };
		AA0329501CFE83670051053B /* XZHViewController.h */ = {isa = PBXFileReference; fileEncoding = 4; lastKnownFileType = sourcecode.c.h; path = XZHViewController.h; sourceTree = "<group>"; };
		AA0329511CFE83670051053B /* XZHViewController.m */ = {isa = PBXFileReference; fileEncoding = 4; lastKnownFileType = sourcecode.c.objc; path = XZHViewController.m; sourceTree = "<group>"; };
		AA0329531CFE8E5F0051053B /* XZHRefresh.h */ = {isa = PBXFileReference; lastKnownFileType = sourcecode.c.h; path = XZHRefresh.h; sourceTree = "<group>"; };
		AA0EDB6D1D0025B2004EEA34 /* XZHRefreshBaseView.m */ = {isa = PBXFileReference; fileEncoding = 4; lastKnownFileType = sourcecode.c.objc; path = XZHRefreshBaseView.m; sourceTree = "<group>"; };
		FEBCA0D31CFDCF45003BDFDD /* XZHRefresh.app */ = {isa = PBXFileReference; explicitFileType = wrapper.application; includeInIndex = 0; path = XZHRefresh.app; sourceTree = BUILT_PRODUCTS_DIR; };
		FEBCA0D71CFDCF45003BDFDD /* main.m */ = {isa = PBXFileReference; lastKnownFileType = sourcecode.c.objc; path = main.m; sourceTree = "<group>"; };
		FEBCA0D91CFDCF45003BDFDD /* AppDelegate.h */ = {isa = PBXFileReference; lastKnownFileType = sourcecode.c.h; path = AppDelegate.h; sourceTree = "<group>"; };
		FEBCA0DA1CFDCF45003BDFDD /* AppDelegate.m */ = {isa = PBXFileReference; lastKnownFileType = sourcecode.c.objc; path = AppDelegate.m; sourceTree = "<group>"; };
		FEBCA0DC1CFDCF45003BDFDD /* ViewController.h */ = {isa = PBXFileReference; lastKnownFileType = sourcecode.c.h; path = ViewController.h; sourceTree = "<group>"; };
		FEBCA0DD1CFDCF45003BDFDD /* ViewController.m */ = {isa = PBXFileReference; lastKnownFileType = sourcecode.c.objc; path = ViewController.m; sourceTree = "<group>"; };
		FEBCA0E01CFDCF45003BDFDD /* Base */ = {isa = PBXFileReference; lastKnownFileType = file.storyboard; name = Base; path = Base.lproj/Main.storyboard; sourceTree = "<group>"; };
		FEBCA0E21CFDCF45003BDFDD /* Assets.xcassets */ = {isa = PBXFileReference; lastKnownFileType = folder.assetcatalog; path = Assets.xcassets; sourceTree = "<group>"; };
		FEBCA0E51CFDCF45003BDFDD /* Base */ = {isa = PBXFileReference; lastKnownFileType = file.storyboard; name = Base; path = Base.lproj/LaunchScreen.storyboard; sourceTree = "<group>"; };
		FEBCA0E71CFDCF45003BDFDD /* Info.plist */ = {isa = PBXFileReference; lastKnownFileType = text.plist.xml; path = Info.plist; sourceTree = "<group>"; };
/* End PBXFileReference section */

/* Begin PBXFrameworksBuildPhase section */
		FEBCA0D01CFDCF45003BDFDD /* Frameworks */ = {
			isa = PBXFrameworksBuildPhase;
			buildActionMask = 2147483647;
			files = (
			);
			runOnlyForDeploymentPostprocessing = 0;
		};
/* End PBXFrameworksBuildPhase section */

/* Begin PBXGroup section */
		AA0329431CFE83410051053B /* XZHRefresh */ = {
			isa = PBXGroup;
			children = (
				AA0329441CFE83410051053B /* arrow@2x.png */,
				AA0329451CFE83410051053B /* RefreshConst.h */,
				AA0329531CFE8E5F0051053B /* XZHRefresh.h */,
				AA0329461CFE83410051053B /* XZHRefreshBaseView.h */,
				AA0EDB6D1D0025B2004EEA34 /* XZHRefreshBaseView.m */,
			);
			path = XZHRefresh;
			sourceTree = "<group>";
		};
		FEBCA0CA1CFDCF45003BDFDD = {
			isa = PBXGroup;
			children = (
				FEBCA0D51CFDCF45003BDFDD /* XZHRefresh */,
				FEBCA0D41CFDCF45003BDFDD /* Products */,
			);
			sourceTree = "<group>";
		};
		FEBCA0D41CFDCF45003BDFDD /* Products */ = {
			isa = PBXGroup;
			children = (
				FEBCA0D31CFDCF45003BDFDD /* XZHRefresh.app */,
			);
			name = Products;
			sourceTree = "<group>";
		};
		FEBCA0D51CFDCF45003BDFDD /* XZHRefresh */ = {
			isa = PBXGroup;
			children = (
				FEBCA0D91CFDCF45003BDFDD /* AppDelegate.h */,
				FEBCA0DA1CFDCF45003BDFDD /* AppDelegate.m */,
				FEBCA0DC1CFDCF45003BDFDD /* ViewController.h */,
				FEBCA0DD1CFDCF45003BDFDD /* ViewController.m */,
				AA0329501CFE83670051053B /* XZHViewController.h */,
				AA0329511CFE83670051053B /* XZHViewController.m */,
				FEBCA0DF1CFDCF45003BDFDD /* Main.storyboard */,
				AA0329431CFE83410051053B /* XZHRefresh */,
				FEBCA0E21CFDCF45003BDFDD /* Assets.xcassets */,
				FEBCA0E41CFDCF45003BDFDD /* LaunchScreen.storyboard */,
				FEBCA0E71CFDCF45003BDFDD /* Info.plist */,
				FEBCA0D61CFDCF45003BDFDD /* Supporting Files */,
			);
			path = XZHRefresh;
			sourceTree = "<group>";
		};
		FEBCA0D61CFDCF45003BDFDD /* Supporting Files */ = {
			isa = PBXGroup;
			children = (
				FEBCA0D71CFDCF45003BDFDD /* main.m */,
			);
			name = "Supporting Files";
			sourceTree = "<group>";
		};
/* End PBXGroup section */

/* Begin PBXNativeTarget section */
		FEBCA0D21CFDCF45003BDFDD /* XZHRefresh */ = {
			isa = PBXNativeTarget;
			buildConfigurationList = FEBCA0EA1CFDCF45003BDFDD /* Build configuration list for PBXNativeTarget "XZHRefresh" */;
			buildPhases = (
				FEBCA0CF1CFDCF45003BDFDD /* Sources */,
				FEBCA0D01CFDCF45003BDFDD /* Frameworks */,
				FEBCA0D11CFDCF45003BDFDD /* Resources */,
			);
			buildRules = (
			);
			dependencies = (
			);
			name = XZHRefresh;
			productName = XZHRefresh;
			productReference = FEBCA0D31CFDCF45003BDFDD /* XZHRefresh.app */;
			productType = "com.apple.product-type.application";
		};
/* End PBXNativeTarget section */

/* Begin PBXProject section */
		FEBCA0CB1CFDCF45003BDFDD /* Project object */ = {
			isa = PBXProject;
			attributes = {
				LastUpgradeCheck = 0700;
				ORGANIZATIONNAME = "熊志华";
				TargetAttributes = {
					FEBCA0D21CFDCF45003BDFDD = {
						CreatedOnToolsVersion = 7.0.1;
					};
				};
			};
			buildConfigurationList = FEBCA0CE1CFDCF45003BDFDD /* Build configuration list for PBXProject "XZHRefresh" */;
			compatibilityVersion = "Xcode 3.2";
			developmentRegion = English;
			hasScannedForEncodings = 0;
			knownRegions = (
				en,
				Base,
			);
			mainGroup = FEBCA0CA1CFDCF45003BDFDD;
			productRefGroup = FEBCA0D41CFDCF45003BDFDD /* Products */;
			projectDirPath = "";
			projectRoot = "";
			targets = (
				FEBCA0D21CFDCF45003BDFDD /* XZHRefresh */,
			);
		};
/* End PBXProject section */

/* Begin PBXResourcesBuildPhase section */
		FEBCA0D11CFDCF45003BDFDD /* Resources */ = {
			isa = PBXResourcesBuildPhase;
			buildActionMask = 2147483647;
			files = (
				AA03294C1CFE83410051053B /* arrow@2x.png in Resources */,
				FEBCA0E61CFDCF45003BDFDD /* LaunchScreen.storyboard in Resources */,
				FEBCA0E31CFDCF45003BDFDD /* Assets.xcassets in Resources */,
				FEBCA0E11CFDCF45003BDFDD /* Main.storyboard in Resources */,
			);
			runOnlyForDeploymentPostprocessing = 0;
		};
/* End PBXResourcesBuildPhase section */

/* Begin PBXSourcesBuildPhase section */
		FEBCA0CF1CFDCF45003BDFDD /* Sources */ = {
			isa = PBXSourcesBuildPhase;
			buildActionMask = 2147483647;
			files = (
				AA0329521CFE83670051053B /* XZHViewController.m in Sources */,
				AA0EDB6E1D0025B2004EEA34 /* XZHRefreshBaseView.m in Sources */,
				FEBCA0DE1CFDCF45003BDFDD /* ViewController.m in Sources */,
				FEBCA0DB1CFDCF45003BDFDD /* AppDelegate.m in Sources */,
				FEBCA0D81CFDCF45003BDFDD /* main.m in Sources */,
			);
			runOnlyForDeploymentPostprocessing = 0;
		};
/* End PBXSourcesBuildPhase section */

/* Begin PBXVariantGroup section */
		FEBCA0DF1CFDCF45003BDFDD /* Main.storyboard */ = {
			isa = PBXVariantGroup;
			children = (
				FEBCA0E01CFDCF45003BDFDD /* Base */,
			);
			name = Main.storyboard;
			sourceTree = "<group>";
		};
		FEBCA0E41CFDCF45003BDFDD /* LaunchScreen.storyboard */ = {
			isa = PBXVariantGroup;
			children = (
				FEBCA0E51CFDCF45003BDFDD /* Base */,
			);
			name = LaunchScreen.storyboard;
			sourceTree = "<group>";
		};
/* End PBXVariantGroup section */

/* Begin XCBuildConfiguration section */
		FEBCA0E81CFDCF45003BDFDD /* Debug */ = {
			isa = XCBuildConfiguration;
			buildSettings = {
				ALWAYS_SEARCH_USER_PATHS = NO;
				CLANG_CXX_LANGUAGE_STANDARD = "gnu++0x";
				CLANG_CXX_LIBRARY = "libc++";
				CLANG_ENABLE_MODULES = YES;
				CLANG_ENABLE_OBJC_ARC = YES;
				CLANG_WARN_BOOL_CONVERSION = YES;
				CLANG_WARN_CONSTANT_CONVERSION = YES;
				CLANG_WARN_DIRECT_OBJC_ISA_USAGE = YES_ERROR;
				CLANG_WARN_EMPTY_BODY = YES;
				CLANG_WARN_ENUM_CONVERSION = YES;
				CLANG_WARN_INT_CONVERSION = YES;
				CLANG_WARN_OBJC_ROOT_CLASS = YES_ERROR;
				CLANG_WARN_UNREACHABLE_CODE = YES;
				CLANG_WARN__DUPLICATE_METHOD_MATCH = YES;
				"CODE_SIGN_IDENTITY[sdk=iphoneos*]" = "iPhone Developer";
				COPY_PHASE_STRIP = NO;
				DEBUG_INFORMATION_FORMAT = dwarf;
				ENABLE_STRICT_OBJC_MSGSEND = YES;
				ENABLE_TESTABILITY = YES;
				GCC_C_LANGUAGE_STANDARD = gnu99;
				GCC_DYNAMIC_NO_PIC = NO;
				GCC_NO_COMMON_BLOCKS = YES;
				GCC_OPTIMIZATION_LEVEL = 0;
				GCC_PREPROCESSOR_DEFINITIONS = (
					"DEBUG=1",
					"$(inherited)",
				);
				GCC_WARN_64_TO_32_BIT_CONVERSION = YES;
				GCC_WARN_ABOUT_RETURN_TYPE = YES_ERROR;
				GCC_WARN_UNDECLARED_SELECTOR = YES;
				GCC_WARN_UNINITIALIZED_AUTOS = YES_AGGRESSIVE;
				GCC_WARN_UNUSED_FUNCTION = YES;
				GCC_WARN_UNUSED_VARIABLE = YES;
				IPHONEOS_DEPLOYMENT_TARGET = 9.0;
				MTL_ENABLE_DEBUG_INFO = YES;
				ONLY_ACTIVE_ARCH = YES;
				SDKROOT = iphoneos;
				TARGETED_DEVICE_FAMILY = "1,2";
			};
			name = Debug;
		};
		FEBCA0E91CFDCF45003BDFDD /* Release */ = {
			isa = XCBuildConfiguration;
			buildSettings = {
				ALWAYS_SEARCH_USER_PATHS = NO;
				CLANG_CXX_LANGUAGE_STANDARD = "gnu++0x";
				CLANG_CXX_LIBRARY = "libc++";
				CLANG_ENABLE_MODULES = YES;
				CLANG_ENABLE_OBJC_ARC = YES;
				CLANG_WARN_BOOL_CONVERSION = YES;
				CLANG_WARN_CONSTANT_CONVERSION = YES;
				CLANG_WARN_DIRECT_OBJC_ISA_USAGE = YES_ERROR;
				CLANG_WARN_EMPTY_BODY = YES;
				CLANG_WARN_ENUM_CONVERSION = YES;
				CLANG_WARN_INT_CONVERSION = YES;
				CLANG_WARN_OBJC_ROOT_CLASS = YES_ERROR;
				CLANG_WARN_UNREACHABLE_CODE = YES;
				CLANG_WARN__DUPLICATE_METHOD_MATCH = YES;
				"CODE_SIGN_IDENTITY[sdk=iphoneos*]" = "iPhone Developer";
				COPY_PHASE_STRIP = NO;
				DEBUG_INFORMATION_FORMAT = "dwarf-with-dsym";
				ENABLE_NS_ASSERTIONS = NO;
				ENABLE_STRICT_OBJC_MSGSEND = YES;
				GCC_C_LANGUAGE_STANDARD = gnu99;
				GCC_NO_COMMON_BLOCKS = YES;
				GCC_WARN_64_TO_32_BIT_CONVERSION = YES;
				GCC_WARN_ABOUT_RETURN_TYPE = YES_ERROR;
				GCC_WARN_UNDECLARED_SELECTOR = YES;
				GCC_WARN_UNINITIALIZED_AUTOS = YES_AGGRESSIVE;
				GCC_WARN_UNUSED_FUNCTION = YES;
				GCC_WARN_UNUSED_VARIABLE = YES;
				IPHONEOS_DEPLOYMENT_TARGET = 9.0;
				MTL_ENABLE_DEBUG_INFO = NO;
				SDKROOT = iphoneos;
				TARGETED_DEVICE_FAMILY = "1,2";
				VALIDATE_PRODUCT = YES;
			};
			name = Release;
		};
		FEBCA0EB1CFDCF45003BDFDD /* Debug */ = {
			isa = XCBuildConfiguration;
			buildSettings = {
				ASSETCATALOG_COMPILER_APPICON_NAME = AppIcon;
				INFOPLIST_FILE = XZHRefresh/Info.plist;
				LD_RUNPATH_SEARCH_PATHS = "$(inherited) @executable_path/Frameworks";
				PRODUCT_BUNDLE_IDENTIFIER = "---.XZHRefresh";
				PRODUCT_NAME = "$(TARGET_NAME)";
			};
			name = Debug;
		};
		FEBCA0EC1CFDCF45003BDFDD /* Release */ = {
			isa = XCBuildConfiguration;
			buildSettings = {
				ASSETCATALOG_COMPILER_APPICON_NAME = AppIcon;
				INFOPLIST_FILE = XZHRefresh/Info.plist;
				LD_RUNPATH_SEARCH_PATHS = "$(inherited) @executable_path/Frameworks";
				PRODUCT_BUNDLE_IDENTIFIER = "---.XZHRefresh";
				PRODUCT_NAME = "$(TARGET_NAME)";
			};
			name = Release;
		};
/* End XCBuildConfiguration section */

/* Begin XCConfigurationList section */
		FEBCA0CE1CFDCF45003BDFDD /* Build configuration list for PBXProject "XZHRefresh" */ = {
			isa = XCConfigurationList;
			buildConfigurations = (
				FEBCA0E81CFDCF45003BDFDD /* Debug */,
				FEBCA0E91CFDCF45003BDFDD /* Release */,
			);
			defaultConfigurationIsVisible = 0;
			defaultConfigurationName = Release;
		};
		FEBCA0EA1CFDCF45003BDFDD /* Build configuration list for PBXNativeTarget "XZHRefresh" */ = {
			isa = XCConfigurationList;
			buildConfigurations = (
				FEBCA0EB1CFDCF45003BDFDD /* Debug */,
				FEBCA0EC1CFDCF45003BDFDD /* Release */,
			);
			defaultConfigurationIsVisible = 0;
			defaultConfigurationName = Release;
		};
/* End XCConfigurationList section */
	};
	rootObject = FEBCA0CB1CFDCF45003BDFDD /* Project object */;
}
